
Microsoft Visual Studio Solution File, Format Version 12.00
# Visual Studio Version 17
VisualStudioVersion = 17.9.34622.214
MinimumVisualStudioVersion = 10.0.40219.1
Project("{FAE04EC0-301F-11D3-BF4B-00C04F79EFBC}") = "MVC-aula1", "MVC-aula1.csproj", "{8A2CC1D1-9494-498D-8DBC-75BAC3ECA0C0}"
EndProject
Global
	GlobalSection(SolutionConfigurationPlatforms) = preSolution
		Debug|Any CPU = Debug|Any CPU
		Release|Any CPU = Release|Any CPU
	EndGlobalSection
	GlobalSection(ProjectConfigurationPlatforms) = postSolution
		{8A2CC1D1-9494-498D-8DBC-75BAC3ECA0C0}.Debug|Any CPU.ActiveCfg = Debug|Any CPU
		{8A2CC1D1-9494-498D-8DBC-75BAC3ECA0C0}.Debug|Any CPU.Build.0 = Debug|Any CPU
		{8A2CC1D1-9494-498D-8DBC-75BAC3ECA0C0}.Release|Any CPU.ActiveCfg = Release|Any CPU
		{8A2CC1D1-9494-498D-8DBC-75BAC3ECA0C0}.Release|Any CPU.Build.0 = Release|Any CPU
	EndGlobalSection
	GlobalSection(SolutionProperties) = preSolution
		HideSolutionNode = FALSE
	EndGlobalSection
	GlobalSection(ExtensibilityGlobals) = postSolution
		SolutionGuid = {32F584AE-EB3E-4F72-A3B3-19A5AE28F57A}
	EndGlobalSection
EndGlobal
